// !$*UTF8*$!
{
	archiveVersion = 1;
	classes = {
	};
	objectVersion = 56;
	objects = {

/* Begin PBXBuildFile section */
		C400A0BD2A0A810800D2FBEC /* AppDelegate.swift in Sources */ = {isa = PBXBuildFile; fileRef = C400A0BC2A0A810800D2FBEC /* AppDelegate.swift */; };
		C400A0BF2A0A810800D2FBEC /* SceneDelegate.swift in Sources */ = {isa = PBXBuildFile; fileRef = C400A0BE2A0A810800D2FBEC /* SceneDelegate.swift */; };
		C400A0C12A0A810800D2FBEC /* ViewController.swift in Sources */ = {isa = PBXBuildFile; fileRef = C400A0C02A0A810800D2FBEC /* ViewController.swift */; };
		C400A0C42A0A810800D2FBEC /* Main.storyboard in Resources */ = {isa = PBXBuildFile; fileRef = C400A0C22A0A810800D2FBEC /* Main.storyboard */; };
		C400A0C62A0A810C00D2FBEC /* Assets.xcassets in Resources */ = {isa = PBXBuildFile; fileRef = C400A0C52A0A810C00D2FBEC /* Assets.xcassets */; };
		C400A0C92A0A810C00D2FBEC /* LaunchScreen.storyboard in Resources */ = {isa = PBXBuildFile; fileRef = C400A0C72A0A810C00D2FBEC /* LaunchScreen.storyboard */; };
		C400A0D72A0A85DC00D2FBEC /* Coin.swift in Sources */ = {isa = PBXBuildFile; fileRef = C400A0D62A0A85DC00D2FBEC /* Coin.swift */; };
		C400A0D92A0A860800D2FBEC /* NetworkManager.swift in Sources */ = {isa = PBXBuildFile; fileRef = C400A0D82A0A860800D2FBEC /* NetworkManager.swift */; };
/* End PBXBuildFile section */

/* Begin PBXFileReference section */
		C400A0B92A0A810800D2FBEC /* CoinGesckoAPI.app */ = {isa = PBXFileReference; explicitFileType = wrapper.application; includeInIndex = 0; path = CoinGesckoAPI.app; sourceTree = BUILT_PRODUCTS_DIR; };
		C400A0BC2A0A810800D2FBEC /* AppDelegate.swift */ = {isa = PBXFileReference; lastKnownFileType = sourcecode.swift; path = AppDelegate.swift; sourceTree = "<group>"; };
		C400A0BE2A0A810800D2FBEC /* SceneDelegate.swift */ = {isa = PBXFileReference; lastKnownFileType = sourcecode.swift; path = SceneDelegate.swift; sourceTree = "<group>"; };
		C400A0C02A0A810800D2FBEC /* ViewController.swift */ = {isa = PBXFileReference; lastKnownFileType = sourcecode.swift; path = ViewController.swift; sourceTree = "<group>"; };
		C400A0C32A0A810800D2FBEC /* Base */ = {isa = PBXFileReference; lastKnownFileType = file.storyboard; name = Base; path = Base.lproj/Main.storyboard; sourceTree = "<group>"; };
		C400A0C52A0A810C00D2FBEC /* Assets.xcassets */ = {isa = PBXFileReference; lastKnownFileType = folder.assetcatalog; path = Assets.xcassets; sourceTree = "<group>"; };
		C400A0C82A0A810C00D2FBEC /* Base */ = {isa = PBXFileReference; lastKnownFileType = file.storyboard; name = Base; path = Base.lproj/LaunchScreen.storyboard; sourceTree = "<group>"; };
		C400A0CA2A0A810C00D2FBEC /* Info.plist */ = {isa = PBXFileReference; lastKnownFileType = text.plist.xml; path = Info.plist; sourceTree = "<group>"; };
		C400A0D62A0A85DC00D2FBEC /* Coin.swift */ = {isa = PBXFileReference; lastKnownFileType = sourcecode.swift; path = Coin.swift; sourceTree = "<group>"; };
		C400A0D82A0A860800D2FBEC /* NetworkManager.swift */ = {isa = PBXFileReference; lastKnownFileType = sourcecode.swift; path = NetworkManager.swift; sourceTree = "<group>"; };
/* End PBXFileReference section */

/* Begin PBXFrameworksBuildPhase section */
		C400A0B62A0A810800D2FBEC /* Frameworks */ = {
			isa = PBXFrameworksBuildPhase;
			buildActionMask = 2147483647;
			files = (
			);
			runOnlyForDeploymentPostprocessing = 0;
		};
/* End PBXFrameworksBuildPhase section */

/* Begin PBXGroup section */
		C400A0B02A0A810800D2FBEC = {
			isa = PBXGroup;
			children = (
				C400A0BB2A0A810800D2FBEC /* CoinGesckoAPI */,
				C400A0BA2A0A810800D2FBEC /* Products */,
			);
			sourceTree = "<group>";
		};
		C400A0BA2A0A810800D2FBEC /* Products */ = {
			isa = PBXGroup;
			children = (
				C400A0B92A0A810800D2FBEC /* CoinGesckoAPI.app */,
			);
			name = Products;
			sourceTree = "<group>";
		};
		C400A0BB2A0A810800D2FBEC /* CoinGesckoAPI */ = {
			isa = PBXGroup;
			children = (
				C400A0D52A0A85CC00D2FBEC /* Models */,
				C400A0D22A0A847700D2FBEC /* Storyboards */,
				C400A0D32A0A848500D2FBEC /* ViewControllers */,
				C400A0D42A0A85AE00D2FBEC /* Services */,
				C400A0D02A0A843400D2FBEC /* App */,
				C400A0D12A0A844600D2FBEC /* Resources */,
			);
			path = CoinGesckoAPI;
			sourceTree = "<group>";
		};
		C400A0D02A0A843400D2FBEC /* App */ = {
			isa = PBXGroup;
			children = (
				C400A0BC2A0A810800D2FBEC /* AppDelegate.swift */,
				C400A0BE2A0A810800D2FBEC /* SceneDelegate.swift */,
				C400A0CA2A0A810C00D2FBEC /* Info.plist */,
			);
			path = App;
			sourceTree = "<group>";
		};
		C400A0D12A0A844600D2FBEC /* Resources */ = {
			isa = PBXGroup;
			children = (
				C400A0C52A0A810C00D2FBEC /* Assets.xcassets */,
			);
			path = Resources;
			sourceTree = "<group>";
		};
		C400A0D22A0A847700D2FBEC /* Storyboards */ = {
			isa = PBXGroup;
			children = (
				C400A0C22A0A810800D2FBEC /* Main.storyboard */,
				C400A0C72A0A810C00D2FBEC /* LaunchScreen.storyboard */,
			);
			path = Storyboards;
			sourceTree = "<group>";
		};
		C400A0D32A0A848500D2FBEC /* ViewControllers */ = {
			isa = PBXGroup;
			children = (
				C400A0C02A0A810800D2FBEC /* ViewController.swift */,
			);
			path = ViewControllers;
			sourceTree = "<group>";
		};
		C400A0D42A0A85AE00D2FBEC /* Services */ = {
			isa = PBXGroup;
			children = (
				C400A0D82A0A860800D2FBEC /* NetworkManager.swift */,
			);
			path = Services;
			sourceTree = "<group>";
		};
		C400A0D52A0A85CC00D2FBEC /* Models */ = {
			isa = PBXGroup;
			children = (
				C400A0D62A0A85DC00D2FBEC /* Coin.swift */,
			);
			path = Models;
			sourceTree = "<group>";
		};
/* End PBXGroup section */

/* Begin PBXNativeTarget section */
		C400A0B82A0A810800D2FBEC /* CoinGesckoAPI */ = {
			isa = PBXNativeTarget;
			buildConfigurationList = C400A0CD2A0A810C00D2FBEC /* Build configuration list for PBXNativeTarget "CoinGesckoAPI" */;
			buildPhases = (
				C400A0B52A0A810800D2FBEC /* Sources */,
				C400A0B62A0A810800D2FBEC /* Frameworks */,
				C400A0B72A0A810800D2FBEC /* Resources */,
			);
			buildRules = (
			);
			dependencies = (
			);
			name = CoinGesckoAPI;
			productName = CoinGesckoAPI;
			productReference = C400A0B92A0A810800D2FBEC /* CoinGesckoAPI.app */;
			productType = "com.apple.product-type.application";
		};
/* End PBXNativeTarget section */

/* Begin PBXProject section */
		C400A0B12A0A810800D2FBEC /* Project object */ = {
			isa = PBXProject;
			attributes = {
				BuildIndependentTargetsInParallel = 1;
				LastSwiftUpdateCheck = 1430;
				LastUpgradeCheck = 1430;
				TargetAttributes = {
					C400A0B82A0A810800D2FBEC = {
						CreatedOnToolsVersion = 14.3;
					};
				};
			};
			buildConfigurationList = C400A0B42A0A810800D2FBEC /* Build configuration list for PBXProject "CoinGesckoAPI" */;
			compatibilityVersion = "Xcode 14.0";
			developmentRegion = en;
			hasScannedForEncodings = 0;
			knownRegions = (
				en,
				Base,
			);
			mainGroup = C400A0B02A0A810800D2FBEC;
			productRefGroup = C400A0BA2A0A810800D2FBEC /* Products */;
			projectDirPath = "";
			projectRoot = "";
			targets = (
				C400A0B82A0A810800D2FBEC /* CoinGesckoAPI */,
			);
		};
/* End PBXProject section */

/* Begin PBXResourcesBuildPhase section */
		C400A0B72A0A810800D2FBEC /* Resources */ = {
			isa = PBXResourcesBuildPhase;
			buildActionMask = 2147483647;
			files = (
				C400A0C92A0A810C00D2FBEC /* LaunchScreen.storyboard in Resources */,
				C400A0C62A0A810C00D2FBEC /* Assets.xcassets in Resources */,
				C400A0C42A0A810800D2FBEC /* Main.storyboard in Resources */,
			);
			runOnlyForDeploymentPostprocessing = 0;
		};
/* End PBXResourcesBuildPhase section */

/* Begin PBXSourcesBuildPhase section */
		C400A0B52A0A810800D2FBEC /* Sources */ = {
			isa = PBXSourcesBuildPhase;
			buildActionMask = 2147483647;
			files = (
				C400A0C12A0A810800D2FBEC /* ViewController.swift in Sources */,
				C400A0BD2A0A810800D2FBEC /* AppDelegate.swift in Sources */,
				C400A0D92A0A860800D2FBEC /* NetworkManager.swift in Sources */,
				C400A0D72A0A85DC00D2FBEC /* Coin.swift in Sources */,
				C400A0BF2A0A810800D2FBEC /* SceneDelegate.swift in Sources */,
			);
			runOnlyForDeploymentPostprocessing = 0;
		};
/* End PBXSourcesBuildPhase section */

/* Begin PBXVariantGroup section */
		C400A0C22A0A810800D2FBEC /* Main.storyboard */ = {
			isa = PBXVariantGroup;
			children = (
				C400A0C32A0A810800D2FBEC /* Base */,
			);
			name = Main.storyboard;
			sourceTree = "<group>";
		};
		C400A0C72A0A810C00D2FBEC /* LaunchScreen.storyboard */ = {
			isa = PBXVariantGroup;
			children = (
				C400A0C82A0A810C00D2FBEC /* Base */,
			);
			name = LaunchScreen.storyboard;
			sourceTree = "<group>";
		};
/* End PBXVariantGroup section */

/* Begin XCBuildConfiguration section */
		C400A0CB2A0A810C00D2FBEC /* Debug */ = {
			isa = XCBuildConfiguration;
			buildSettings = {
				ALWAYS_SEARCH_USER_PATHS = NO;
				CLANG_ANALYZER_NONNULL = YES;
				CLANG_ANALYZER_NUMBER_OBJECT_CONVERSION = YES_AGGRESSIVE;
				CLANG_CXX_LANGUAGE_STANDARD = "gnu++20";
				CLANG_ENABLE_MODULES = YES;
				CLANG_ENABLE_OBJC_ARC = YES;
				CLANG_ENABLE_OBJC_WEAK = YES;
				CLANG_WARN_BLOCK_CAPTURE_AUTORELEASING = YES;
				CLANG_WARN_BOOL_CONVERSION = YES;
				CLANG_WARN_COMMA = YES;
				CLANG_WARN_CONSTANT_CONVERSION = YES;
				CLANG_WARN_DEPRECATED_OBJC_IMPLEMENTATIONS = YES;
				CLANG_WARN_DIRECT_OBJC_ISA_USAGE = YES_ERROR;
				CLANG_WARN_DOCUMENTATION_COMMENTS = YES;
				CLANG_WARN_EMPTY_BODY = YES;
				CLANG_WARN_ENUM_CONVERSION = YES;
				CLANG_WARN_INFINITE_RECURSION = YES;
				CLANG_WARN_INT_CONVERSION = YES;
				CLANG_WARN_NON_LITERAL_NULL_CONVERSION = YES;
				CLANG_WARN_OBJC_IMPLICIT_RETAIN_SELF = YES;
				CLANG_WARN_OBJC_LITERAL_CONVERSION = YES;
				CLANG_WARN_OBJC_ROOT_CLASS = YES_ERROR;
				CLANG_WARN_QUOTED_INCLUDE_IN_FRAMEWORK_HEADER = YES;
				CLANG_WARN_RANGE_LOOP_ANALYSIS = YES;
				CLANG_WARN_STRICT_PROTOTYPES = YES;
				CLANG_WARN_SUSPICIOUS_MOVE = YES;
				CLANG_WARN_UNGUARDED_AVAILABILITY = YES_AGGRESSIVE;
				CLANG_WARN_UNREACHABLE_CODE = YES;
				CLANG_WARN__DUPLICATE_METHOD_MATCH = YES;
				COPY_PHASE_STRIP = NO;
				DEBUG_INFORMATION_FORMAT = dwarf;
				ENABLE_STRICT_OBJC_MSGSEND = YES;
				ENABLE_TESTABILITY = YES;
				GCC_C_LANGUAGE_STANDARD = gnu11;
				GCC_DYNAMIC_NO_PIC = NO;
				GCC_NO_COMMON_BLOCKS = YES;
				GCC_OPTIMIZATION_LEVEL = 0;
				GCC_PREPROCESSOR_DEFINITIONS = (
					"DEBUG=1",
					"$(inherited)",
				);
				GCC_WARN_64_TO_32_BIT_CONVERSION = YES;
				GCC_WARN_ABOUT_RETURN_TYPE = YES_ERROR;
				GCC_WARN_UNDECLARED_SELECTOR = YES;
				GCC_WARN_UNINITIALIZED_AUTOS = YES_AGGRESSIVE;
				GCC_WARN_UNUSED_FUNCTION = YES;
				GCC_WARN_UNUSED_VARIABLE = YES;
				IPHONEOS_DEPLOYMENT_TARGET = 16.4;
				MTL_ENABLE_DEBUG_INFO = INCLUDE_SOURCE;
				MTL_FAST_MATH = YES;
				ONLY_ACTIVE_ARCH = YES;
				SDKROOT = iphoneos;
				SWIFT_ACTIVE_COMPILATION_CONDITIONS = DEBUG;
				SWIFT_OPTIMIZATION_LEVEL = "-Onone";
			};
			name = Debug;
		};
		C400A0CC2A0A810C00D2FBEC /* Release */ = {
			isa = XCBuildConfiguration;
			buildSettings = {
				ALWAYS_SEARCH_USER_PATHS = NO;
				CLANG_ANALYZER_NONNULL = YES;
				CLANG_ANALYZER_NUMBER_OBJECT_CONVERSION = YES_AGGRESSIVE;
				CLANG_CXX_LANGUAGE_STANDARD = "gnu++20";
				CLANG_ENABLE_MODULES = YES;
				CLANG_ENABLE_OBJC_ARC = YES;
				CLANG_ENABLE_OBJC_WEAK = YES;
				CLANG_WARN_BLOCK_CAPTURE_AUTORELEASING = YES;
				CLANG_WARN_BOOL_CONVERSION = YES;
				CLANG_WARN_COMMA = YES;
				CLANG_WARN_CONSTANT_CONVERSION = YES;
				CLANG_WARN_DEPRECATED_OBJC_IMPLEMENTATIONS = YES;
				CLANG_WARN_DIRECT_OBJC_ISA_USAGE = YES_ERROR;
				CLANG_WARN_DOCUMENTATION_COMMENTS = YES;
				CLANG_WARN_EMPTY_BODY = YES;
				CLANG_WARN_ENUM_CONVERSION = YES;
				CLANG_WARN_INFINITE_RECURSION = YES;
				CLANG_WARN_INT_CONVERSION = YES;
				CLANG_WARN_NON_LITERAL_NULL_CONVERSION = YES;
				CLANG_WARN_OBJC_IMPLICIT_RETAIN_SELF = YES;
				CLANG_WARN_OBJC_LITERAL_CONVERSION = YES;
				CLANG_WARN_OBJC_ROOT_CLASS = YES_ERROR;
				CLANG_WARN_QUOTED_INCLUDE_IN_FRAMEWORK_HEADER = YES;
				CLANG_WARN_RANGE_LOOP_ANALYSIS = YES;
				CLANG_WARN_STRICT_PROTOTYPES = YES;
				CLANG_WARN_SUSPICIOUS_MOVE = YES;
				CLANG_WARN_UNGUARDED_AVAILABILITY = YES_AGGRESSIVE;
				CLANG_WARN_UNREACHABLE_CODE = YES;
				CLANG_WARN__DUPLICATE_METHOD_MATCH = YES;
				COPY_PHASE_STRIP = NO;
				DEBUG_INFORMATION_FORMAT = "dwarf-with-dsym";
				ENABLE_NS_ASSERTIONS = NO;
				ENABLE_STRICT_OBJC_MSGSEND = YES;
				GCC_C_LANGUAGE_STANDARD = gnu11;
				GCC_NO_COMMON_BLOCKS = YES;
				GCC_WARN_64_TO_32_BIT_CONVERSION = YES;
				GCC_WARN_ABOUT_RETURN_TYPE = YES_ERROR;
				GCC_WARN_UNDECLARED_SELECTOR = YES;
				GCC_WARN_UNINITIALIZED_AUTOS = YES_AGGRESSIVE;
				GCC_WARN_UNUSED_FUNCTION = YES;
				GCC_WARN_UNUSED_VARIABLE = YES;
				IPHONEOS_DEPLOYMENT_TARGET = 16.4;
				MTL_ENABLE_DEBUG_INFO = NO;
				MTL_FAST_MATH = YES;
				SDKROOT = iphoneos;
				SWIFT_COMPILATION_MODE = wholemodule;
				SWIFT_OPTIMIZATION_LEVEL = "-O";
				VALIDATE_PRODUCT = YES;
			};
			name = Release;
		};
		C400A0CE2A0A810C00D2FBEC /* Debug */ = {
			isa = XCBuildConfiguration;
			buildSettings = {
				ASSETCATALOG_COMPILER_APPICON_NAME = AppIcon;
				ASSETCATALOG_COMPILER_GLOBAL_ACCENT_COLOR_NAME = AccentColor;
				CODE_SIGN_STYLE = Automatic;
				CURRENT_PROJECT_VERSION = 1;
				DEVELOPMENT_TEAM = 848LVZR9JB;
				GENERATE_INFOPLIST_FILE = YES;
				INFOPLIST_FILE = CoinGesckoAPI/App/Info.plist;
				INFOPLIST_KEY_UIApplicationSupportsIndirectInputEvents = YES;
				INFOPLIST_KEY_UILaunchStoryboardName = LaunchScreen;
				INFOPLIST_KEY_UIMainStoryboardFile = Main;
				INFOPLIST_KEY_UISupportedInterfaceOrientations = UIInterfaceOrientationPortrait;
				INFOPLIST_KEY_UISupportedInterfaceOrientations_iPad = "UIInterfaceOrientationLandscapeLeft UIInterfaceOrientationLandscapeRight UIInterfaceOrientationPortrait UIInterfaceOrientationPortraitUpsideDown";
				IPHONEOS_DEPLOYMENT_TARGET = 15.0;
				LD_RUNPATH_SEARCH_PATHS = (
					"$(inherited)",
					"@executable_path/Frameworks",
				);
				MARKETING_VERSION = 1.0;
				PRODUCT_BUNDLE_IDENTIFIER = "Iaroslav-Beldin.CoinGesckoAPI";
				PRODUCT_NAME = "$(TARGET_NAME)";
				SUPPORTED_PLATFORMS = "iphoneos iphonesimulator";
				SUPPORTS_MACCATALYST = NO;
				SUPPORTS_MAC_DESIGNED_FOR_IPHONE_IPAD = NO;
				SWIFT_EMIT_LOC_STRINGS = YES;
				SWIFT_VERSION = 5.0;
				TARGETED_DEVICE_FAMILY = 1;
			};
			name = Debug;
		};
		C400A0CF2A0A810C00D2FBEC /* Release */ = {
			isa = XCBuildConfiguration;
			buildSettings = {
				ASSETCATALOG_COMPILER_APPICON_NAME = AppIcon;
				ASSETCATALOG_COMPILER_GLOBAL_ACCENT_COLOR_NAME = AccentColor;
				CODE_SIGN_STYLE = Automatic;
				CURRENT_PROJECT_VERSION = 1;
				DEVELOPMENT_TEAM = 848LVZR9JB;
				GENERATE_INFOPLIST_FILE = YES;
				INFOPLIST_FILE = CoinGesckoAPI/App/Info.plist;
				INFOPLIST_KEY_UIApplicationSupportsIndirectInputEvents = YES;
				INFOPLIST_KEY_UILaunchStoryboardName = LaunchScreen;
				INFOPLIST_KEY_UIMainStoryboardFile = Main;
				INFOPLIST_KEY_UISupportedInterfaceOrientations = UIInterfaceOrientationPortrait;
				INFOPLIST_KEY_UISupportedInterfaceOrientations_iPad = "UIInterfaceOrientationLandscapeLeft UIInterfaceOrientationLandscapeRight UIInterfaceOrientationPortrait UIInterfaceOrientationPortraitUpsideDown";
				IPHONEOS_DEPLOYMENT_TARGET = 15.0;
				LD_RUNPATH_SEARCH_PATHS = (
					"$(inherited)",
					"@executable_path/Frameworks",
				);
				MARKETING_VERSION = 1.0;
				PRODUCT_BUNDLE_IDENTIFIER = "Iaroslav-Beldin.CoinGesckoAPI";
				PRODUCT_NAME = "$(TARGET_NAME)";
				SUPPORTED_PLATFORMS = "iphoneos iphonesimulator";
				SUPPORTS_MACCATALYST = NO;
				SUPPORTS_MAC_DESIGNED_FOR_IPHONE_IPAD = NO;
				SWIFT_EMIT_LOC_STRINGS = YES;
				SWIFT_VERSION = 5.0;
				TARGETED_DEVICE_FAMILY = 1;
			};
			name = Release;
		};
/* End XCBuildConfiguration section */

/* Begin XCConfigurationList section */
		C400A0B42A0A810800D2FBEC /* Build configuration list for PBXProject "CoinGesckoAPI" */ = {
			isa = XCConfigurationList;
			buildConfigurations = (
				C400A0CB2A0A810C00D2FBEC /* Debug */,
				C400A0CC2A0A810C00D2FBEC /* Release */,
			);
			defaultConfigurationIsVisible = 0;
			defaultConfigurationName = Release;
		};
		C400A0CD2A0A810C00D2FBEC /* Build configuration list for PBXNativeTarget "CoinGesckoAPI" */ = {
			isa = XCConfigurationList;
			buildConfigurations = (
				C400A0CE2A0A810C00D2FBEC /* Debug */,
				C400A0CF2A0A810C00D2FBEC /* Release */,
			);
			defaultConfigurationIsVisible = 0;
			defaultConfigurationName = Release;
		};
/* End XCConfigurationList section */
	};
	rootObject = C400A0B12A0A810800D2FBEC /* Project object */;
}
